{
  "name": "react-bootcamp-project",
  "lockfileVersion": 2,
  "requires": true,
  "packages": {
    "": {
      "dependencies": {
        "react-stripe-checkout": "^2.6.3"
      }
    },
    "node_modules/react-stripe-checkout": {
      "version": "2.6.3",
      "resolved": "https://registry.npmjs.org/react-stripe-checkout/-/react-stripe-checkout-2.6.3.tgz",
      "integrity": "sha512-lnsCaAdlmwPGGMbQoI8FXtQUgEm+ktzPZ/ipAw4j0HYf80kef7CivGx6QitmgEn99/aa5hI/dmVXwfVZW/Mzfg=="
    }
  },
  "dependencies": {
    "react-stripe-checkout": {
      "version": "2.6.3",
      "resolved": "https://registry.npmjs.org/react-stripe-checkout/-/react-stripe-checkout-2.6.3.tgz",
      "integrity": "sha512-lnsCaAdlmwPGGMbQoI8FXtQUgEm+ktzPZ/ipAw4j0HYf80kef7CivGx6QitmgEn99/aa5hI/dmVXwfVZW/Mzfg=="
    }
  }
}
